
Microsoft Visual Studio Solution File, Format Version 12.00
# Visual Studio Version 17
VisualStudioVersion = 17.13.35806.99
MinimumVisualStudioVersion = 10.0.40219.1
Project("{FAE04EC0-301F-11D3-BF4B-00C04F79EFBC}") = "HistoricalWeather", "HistoricalWeather\HistoricalWeather.csproj", "{83D26601-7497-4137-B212-012CAFF23C8A}"
EndProject
Global
	GlobalSection(SolutionConfigurationPlatforms) = preSolution
		Debug|Any CPU = Debug|Any CPU
		Release|Any CPU = Release|Any CPU
	EndGlobalSection
	GlobalSection(ProjectConfigurationPlatforms) = postSolution
		{83D26601-7497-4137-B212-012CAFF23C8A}.Debug|Any CPU.ActiveCfg = Debug|Any CPU
		{83D26601-7497-4137-B212-012CAFF23C8A}.Debug|Any CPU.Build.0 = Debug|Any CPU
		{83D26601-7497-4137-B212-012CAFF23C8A}.Release|Any CPU.ActiveCfg = Release|Any CPU
		{83D26601-7497-4137-B212-012CAFF23C8A}.Release|Any CPU.Build.0 = Release|Any CPU
	EndGlobalSection
	GlobalSection(SolutionProperties) = preSolution
		HideSolutionNode = FALSE
	EndGlobalSection
	GlobalSection(ExtensibilityGlobals) = postSolution
		SolutionGuid = {2F07C07E-68D7-4A1A-BE40-56A5649DC2CB}
	EndGlobalSection
EndGlobal
